
Microsoft Visual Studio Solution File, Format Version 12.00
# Visual Studio Version 17
VisualStudioVersion = 17.5.002.0
MinimumVisualStudioVersion = 10.0.40219.1
Project("{9A19103F-16F7-4668-BE54-9A1E7A4F7556}") = "LojaWebAPI", "LojaWebAPI.csproj", "{3442985D-42B0-4CE4-B981-0609C55147D3}"
EndProject
Global
	GlobalSection(SolutionConfigurationPlatforms) = preSolution
		Debug|Any CPU = Debug|Any CPU
		Release|Any CPU = Release|Any CPU
	EndGlobalSection
	GlobalSection(ProjectConfigurationPlatforms) = postSolution
		{3442985D-42B0-4CE4-B981-0609C55147D3}.Debug|Any CPU.ActiveCfg = Debug|Any CPU
		{3442985D-42B0-4CE4-B981-0609C55147D3}.Debug|Any CPU.Build.0 = Debug|Any CPU
		{3442985D-42B0-4CE4-B981-0609C55147D3}.Release|Any CPU.ActiveCfg = Release|Any CPU
		{3442985D-42B0-4CE4-B981-0609C55147D3}.Release|Any CPU.Build.0 = Release|Any CPU
	EndGlobalSection
	GlobalSection(SolutionProperties) = preSolution
		HideSolutionNode = FALSE
	EndGlobalSection
	GlobalSection(ExtensibilityGlobals) = postSolution
		SolutionGuid = {77F1F808-4923-4E11-AE80-1002EE768CC0}
	EndGlobalSection
EndGlobal
